
Microsoft Visual Studio Solution File, Format Version 12.00
# Visual Studio 15
VisualStudioVersion = 15.0.26124.0
MinimumVisualStudioVersion = 15.0.26124.0
Project("{2150E333-8FDC-42A3-9474-1A3956D46DE8}") = "src", "src", "{7E848403-4207-4EDE-B116-8280D5255173}"
EndProject
Project("{FAE04EC0-301F-11D3-BF4B-00C04F79EFBC}") = "GroupSiteAPI", "src\GroupSiteAPI\GroupSiteAPI.csproj", "{CDA67144-6FCD-4C45-B42E-1C4948FFC1DD}"
EndProject
Project("{2150E333-8FDC-42A3-9474-1A3956D46DE8}") = "test", "test", "{8E4DE3C6-0C19-4A13-9133-CAF4774AB798}"
EndProject
Project("{FAE04EC0-301F-11D3-BF4B-00C04F79EFBC}") = "GroupSiteAPI.Tests", "test\GroupSiteAPI.Tests\GroupSiteAPI.Tests.csproj", "{38C43CB5-8ACE-48EC-B7EB-2A2B4289B51A}"
EndProject
Global
	GlobalSection(SolutionConfigurationPlatforms) = preSolution
		Debug|Any CPU = Debug|Any CPU
		Debug|x64 = Debug|x64
		Debug|x86 = Debug|x86
		Release|Any CPU = Release|Any CPU
		Release|x64 = Release|x64
		Release|x86 = Release|x86
	EndGlobalSection
	GlobalSection(SolutionProperties) = preSolution
		HideSolutionNode = FALSE
	EndGlobalSection
	GlobalSection(ProjectConfigurationPlatforms) = postSolution
		{CDA67144-6FCD-4C45-B42E-1C4948FFC1DD}.Debug|Any CPU.ActiveCfg = Debug|Any CPU
		{CDA67144-6FCD-4C45-B42E-1C4948FFC1DD}.Debug|Any CPU.Build.0 = Debug|Any CPU
		{CDA67144-6FCD-4C45-B42E-1C4948FFC1DD}.Debug|x64.ActiveCfg = Debug|Any CPU
		{CDA67144-6FCD-4C45-B42E-1C4948FFC1DD}.Debug|x64.Build.0 = Debug|Any CPU
		{CDA67144-6FCD-4C45-B42E-1C4948FFC1DD}.Debug|x86.ActiveCfg = Debug|Any CPU
		{CDA67144-6FCD-4C45-B42E-1C4948FFC1DD}.Debug|x86.Build.0 = Debug|Any CPU
		{CDA67144-6FCD-4C45-B42E-1C4948FFC1DD}.Release|Any CPU.ActiveCfg = Release|Any CPU
		{CDA67144-6FCD-4C45-B42E-1C4948FFC1DD}.Release|Any CPU.Build.0 = Release|Any CPU
		{CDA67144-6FCD-4C45-B42E-1C4948FFC1DD}.Release|x64.ActiveCfg = Release|Any CPU
		{CDA67144-6FCD-4C45-B42E-1C4948FFC1DD}.Release|x64.Build.0 = Release|Any CPU
		{CDA67144-6FCD-4C45-B42E-1C4948FFC1DD}.Release|x86.ActiveCfg = Release|Any CPU
		{CDA67144-6FCD-4C45-B42E-1C4948FFC1DD}.Release|x86.Build.0 = Release|Any CPU
		{38C43CB5-8ACE-48EC-B7EB-2A2B4289B51A}.Debug|Any CPU.ActiveCfg = Debug|Any CPU
		{38C43CB5-8ACE-48EC-B7EB-2A2B4289B51A}.Debug|Any CPU.Build.0 = Debug|Any CPU
		{38C43CB5-8ACE-48EC-B7EB-2A2B4289B51A}.Debug|x64.ActiveCfg = Debug|Any CPU
		{38C43CB5-8ACE-48EC-B7EB-2A2B4289B51A}.Debug|x64.Build.0 = Debug|Any CPU
		{38C43CB5-8ACE-48EC-B7EB-2A2B4289B51A}.Debug|x86.ActiveCfg = Debug|Any CPU
		{38C43CB5-8ACE-48EC-B7EB-2A2B4289B51A}.Debug|x86.Build.0 = Debug|Any CPU
		{38C43CB5-8ACE-48EC-B7EB-2A2B4289B51A}.Release|Any CPU.ActiveCfg = Release|Any CPU
		{38C43CB5-8ACE-48EC-B7EB-2A2B4289B51A}.Release|Any CPU.Build.0 = Release|Any CPU
		{38C43CB5-8ACE-48EC-B7EB-2A2B4289B51A}.Release|x64.ActiveCfg = Release|Any CPU
		{38C43CB5-8ACE-48EC-B7EB-2A2B4289B51A}.Release|x64.Build.0 = Release|Any CPU
		{38C43CB5-8ACE-48EC-B7EB-2A2B4289B51A}.Release|x86.ActiveCfg = Release|Any CPU
		{38C43CB5-8ACE-48EC-B7EB-2A2B4289B51A}.Release|x86.Build.0 = Release|Any CPU
	EndGlobalSection
	GlobalSection(NestedProjects) = preSolution
		{CDA67144-6FCD-4C45-B42E-1C4948FFC1DD} = {7E848403-4207-4EDE-B116-8280D5255173}
		{38C43CB5-8ACE-48EC-B7EB-2A2B4289B51A} = {8E4DE3C6-0C19-4A13-9133-CAF4774AB798}
	EndGlobalSection
EndGlobal
